
Microsoft Visual Studio Solution File, Format Version 12.00
# Visual Studio Version 16
VisualStudioVersion = 16.0.29911.84
MinimumVisualStudioVersion = 10.0.40219.1
Project("{8BC9CEB8-8B4A-11D0-8D11-00A0C91BC942}") = "FileTokenizer", "FileTokenizer\FileTokenizer.vcxproj", "{26F67A30-3A01-4D53-8670-75BC0BEC4EB9}"
EndProject
Global
	GlobalSection(SolutionConfigurationPlatforms) = preSolution
		Debug|x64 = Debug|x64
		Debug|x86 = Debug|x86
		Release|x64 = Release|x64
		Release|x86 = Release|x86
	EndGlobalSection
	GlobalSection(ProjectConfigurationPlatforms) = postSolution
		{26F67A30-3A01-4D53-8670-75BC0BEC4EB9}.Debug|x64.ActiveCfg = Debug|x64
		{26F67A30-3A01-4D53-8670-75BC0BEC4EB9}.Debug|x64.Build.0 = Debug|x64
		{26F67A30-3A01-4D53-8670-75BC0BEC4EB9}.Debug|x86.ActiveCfg = Debug|Win32
		{26F67A30-3A01-4D53-8670-75BC0BEC4EB9}.Debug|x86.Build.0 = Debug|Win32
		{26F67A30-3A01-4D53-8670-75BC0BEC4EB9}.Release|x64.ActiveCfg = Release|x64
		{26F67A30-3A01-4D53-8670-75BC0BEC4EB9}.Release|x64.Build.0 = Release|x64
		{26F67A30-3A01-4D53-8670-75BC0BEC4EB9}.Release|x86.ActiveCfg = Release|Win32
		{26F67A30-3A01-4D53-8670-75BC0BEC4EB9}.Release|x86.Build.0 = Release|Win32
	EndGlobalSection
	GlobalSection(SolutionProperties) = preSolution
		HideSolutionNode = FALSE
	EndGlobalSection
	GlobalSection(ExtensibilityGlobals) = postSolution
		SolutionGuid = {944735C6-2193-464A-8450-8717EDA7B4FC}
	EndGlobalSection
EndGlobal
